// !$*UTF8*$!
{
	archiveVersion = 1;
	classes = {
	};
	objectVersion = 55;
	objects = {

/* Begin PBXBuildFile section */
		520F1AB2287E0452004A4339 /* UnitTestingApp.swift in Sources */ = {isa = PBXBuildFile; fileRef = 520F1AB1287E0452004A4339 /* UnitTestingApp.swift */; };
		520F1AB4287E0452004A4339 /* ContentView.swift in Sources */ = {isa = PBXBuildFile; fileRef = 520F1AB3287E0452004A4339 /* ContentView.swift */; };
		520F1AB6287E0454004A4339 /* Assets.xcassets in Resources */ = {isa = PBXBuildFile; fileRef = 520F1AB5287E0454004A4339 /* Assets.xcassets */; };
		520F1AB9287E0454004A4339 /* Preview Assets.xcassets in Resources */ = {isa = PBXBuildFile; fileRef = 520F1AB8287E0454004A4339 /* Preview Assets.xcassets */; };
		522549F6287F379B00AB5D51 /* AccountStatement.swift in Sources */ = {isa = PBXBuildFile; fileRef = 522549F5287F379A00AB5D51 /* AccountStatement.swift */; };
		522549F8287F380300AB5D51 /* AccountStatementTests.swift in Sources */ = {isa = PBXBuildFile; fileRef = 522549F7287F380300AB5D51 /* AccountStatementTests.swift */; };
		5274FFD6289AF14700F34924 /* MetricConverter.swift in Sources */ = {isa = PBXBuildFile; fileRef = 5274FFD5289AF14700F34924 /* MetricConverter.swift */; };
		5274FFD8289AF19100F34924 /* MetricConverterTests.swift in Sources */ = {isa = PBXBuildFile; fileRef = 5274FFD7289AF19100F34924 /* MetricConverterTests.swift */; };
		528B4AFC2880279000E6C1C1 /* BowlingGame.swift in Sources */ = {isa = PBXBuildFile; fileRef = 528B4AFB2880279000E6C1C1 /* BowlingGame.swift */; };
		528B4AFE288027AC00E6C1C1 /* BowlingGameTests.swift in Sources */ = {isa = PBXBuildFile; fileRef = 528B4AFD288027AC00E6C1C1 /* BowlingGameTests.swift */; };
		52B05DD32881FC27008BF5B3 /* ChangeMaker.swift in Sources */ = {isa = PBXBuildFile; fileRef = 52B05DD22881FC27008BF5B3 /* ChangeMaker.swift */; };
		52B05DD52881FDBF008BF5B3 /* ChangeMakerTests.swift in Sources */ = {isa = PBXBuildFile; fileRef = 52B05DD42881FDBF008BF5B3 /* ChangeMakerTests.swift */; };
		52BF52E42882D1FB00A145AC /* MarsRover.swift in Sources */ = {isa = PBXBuildFile; fileRef = 52BF52E32882D1FB00A145AC /* MarsRover.swift */; };
		52BF52E62882E74500A145AC /* MarsRoverTests.swift in Sources */ = {isa = PBXBuildFile; fileRef = 52BF52E52882E74500A145AC /* MarsRoverTests.swift */; };
/* End PBXBuildFile section */

/* Begin PBXContainerItemProxy section */
		520F1ABF287E0454004A4339 /* PBXContainerItemProxy */ = {
			isa = PBXContainerItemProxy;
			containerPortal = 520F1AA6287E0452004A4339 /* Project object */;
			proxyType = 1;
			remoteGlobalIDString = 520F1AAD287E0452004A4339;
			remoteInfo = UnitTesting;
		};
/* End PBXContainerItemProxy section */

/* Begin PBXFileReference section */
		520F1AAE287E0452004A4339 /* UnitTesting.app */ = {isa = PBXFileReference; explicitFileType = wrapper.application; includeInIndex = 0; path = UnitTesting.app; sourceTree = BUILT_PRODUCTS_DIR; };
		520F1AB1287E0452004A4339 /* UnitTestingApp.swift */ = {isa = PBXFileReference; lastKnownFileType = sourcecode.swift; path = UnitTestingApp.swift; sourceTree = "<group>"; };
		520F1AB3287E0452004A4339 /* ContentView.swift */ = {isa = PBXFileReference; lastKnownFileType = sourcecode.swift; path = ContentView.swift; sourceTree = "<group>"; };
		520F1AB5287E0454004A4339 /* Assets.xcassets */ = {isa = PBXFileReference; lastKnownFileType = folder.assetcatalog; path = Assets.xcassets; sourceTree = "<group>"; };
		520F1AB8287E0454004A4339 /* Preview Assets.xcassets */ = {isa = PBXFileReference; lastKnownFileType = folder.assetcatalog; path = "Preview Assets.xcassets"; sourceTree = "<group>"; };
		520F1ABE287E0454004A4339 /* UnitTestingTests.xctest */ = {isa = PBXFileReference; explicitFileType = wrapper.cfbundle; includeInIndex = 0; path = UnitTestingTests.xctest; sourceTree = BUILT_PRODUCTS_DIR; };
		522549F5287F379A00AB5D51 /* AccountStatement.swift */ = {isa = PBXFileReference; lastKnownFileType = sourcecode.swift; path = AccountStatement.swift; sourceTree = "<group>"; };
		522549F7287F380300AB5D51 /* AccountStatementTests.swift */ = {isa = PBXFileReference; lastKnownFileType = sourcecode.swift; path = AccountStatementTests.swift; sourceTree = "<group>"; };
		5274FFD5289AF14700F34924 /* MetricConverter.swift */ = {isa = PBXFileReference; lastKnownFileType = sourcecode.swift; path = MetricConverter.swift; sourceTree = "<group>"; };
		5274FFD7289AF19100F34924 /* MetricConverterTests.swift */ = {isa = PBXFileReference; lastKnownFileType = sourcecode.swift; path = MetricConverterTests.swift; sourceTree = "<group>"; };
		528B4AFB2880279000E6C1C1 /* BowlingGame.swift */ = {isa = PBXFileReference; lastKnownFileType = sourcecode.swift; path = BowlingGame.swift; sourceTree = "<group>"; };
		528B4AFD288027AC00E6C1C1 /* BowlingGameTests.swift */ = {isa = PBXFileReference; lastKnownFileType = sourcecode.swift; path = BowlingGameTests.swift; sourceTree = "<group>"; };
		52B05DD22881FC27008BF5B3 /* ChangeMaker.swift */ = {isa = PBXFileReference; lastKnownFileType = sourcecode.swift; path = ChangeMaker.swift; sourceTree = "<group>"; };
		52B05DD42881FDBF008BF5B3 /* ChangeMakerTests.swift */ = {isa = PBXFileReference; lastKnownFileType = sourcecode.swift; path = ChangeMakerTests.swift; sourceTree = "<group>"; };
		52BF52E32882D1FB00A145AC /* MarsRover.swift */ = {isa = PBXFileReference; lastKnownFileType = sourcecode.swift; path = MarsRover.swift; sourceTree = "<group>"; };
		52BF52E52882E74500A145AC /* MarsRoverTests.swift */ = {isa = PBXFileReference; lastKnownFileType = sourcecode.swift; path = MarsRoverTests.swift; sourceTree = "<group>"; };
/* End PBXFileReference section */

/* Begin PBXFrameworksBuildPhase section */
		520F1AAB287E0452004A4339 /* Frameworks */ = {
			isa = PBXFrameworksBuildPhase;
			buildActionMask = 2147483647;
			files = (
			);
			runOnlyForDeploymentPostprocessing = 0;
		};
		520F1ABB287E0454004A4339 /* Frameworks */ = {
			isa = PBXFrameworksBuildPhase;
			buildActionMask = 2147483647;
			files = (
			);
			runOnlyForDeploymentPostprocessing = 0;
		};
/* End PBXFrameworksBuildPhase section */

/* Begin PBXGroup section */
		520F1AA5287E0452004A4339 = {
			isa = PBXGroup;
			children = (
				520F1AB0287E0452004A4339 /* UnitTesting */,
				520F1AC1287E0454004A4339 /* UnitTestingTests */,
				520F1AAF287E0452004A4339 /* Products */,
			);
			sourceTree = "<group>";
		};
		520F1AAF287E0452004A4339 /* Products */ = {
			isa = PBXGroup;
			children = (
				520F1AAE287E0452004A4339 /* UnitTesting.app */,
				520F1ABE287E0454004A4339 /* UnitTestingTests.xctest */,
			);
			name = Products;
			sourceTree = "<group>";
		};
		520F1AB0287E0452004A4339 /* UnitTesting */ = {
			isa = PBXGroup;
			children = (
				520F1ADB287E0720004A4339 /* Lesson01 */,
				520F1AB1287E0452004A4339 /* UnitTestingApp.swift */,
				520F1AB3287E0452004A4339 /* ContentView.swift */,
				520F1AB5287E0454004A4339 /* Assets.xcassets */,
				520F1AB7287E0454004A4339 /* Preview Content */,
			);
			path = UnitTesting;
			sourceTree = "<group>";
		};
		520F1AB7287E0454004A4339 /* Preview Content */ = {
			isa = PBXGroup;
			children = (
				520F1AB8287E0454004A4339 /* Preview Assets.xcassets */,
			);
			path = "Preview Content";
			sourceTree = "<group>";
		};
		520F1AC1287E0454004A4339 /* UnitTestingTests */ = {
			isa = PBXGroup;
			children = (
				522549F7287F380300AB5D51 /* AccountStatementTests.swift */,
				528B4AFD288027AC00E6C1C1 /* BowlingGameTests.swift */,
				52B05DD42881FDBF008BF5B3 /* ChangeMakerTests.swift */,
				52BF52E52882E74500A145AC /* MarsRoverTests.swift */,
				5274FFD7289AF19100F34924 /* MetricConverterTests.swift */,
			);
			path = UnitTestingTests;
			sourceTree = "<group>";
		};
		520F1ADB287E0720004A4339 /* Lesson01 */ = {
			isa = PBXGroup;
			children = (
				522549F5287F379A00AB5D51 /* AccountStatement.swift */,
				528B4AFB2880279000E6C1C1 /* BowlingGame.swift */,
				52B05DD22881FC27008BF5B3 /* ChangeMaker.swift */,
				52BF52E32882D1FB00A145AC /* MarsRover.swift */,
				5274FFD5289AF14700F34924 /* MetricConverter.swift */,
			);
			path = Lesson01;
			sourceTree = "<group>";
		};
/* End PBXGroup section */

/* Begin PBXNativeTarget section */
		520F1AAD287E0452004A4339 /* UnitTesting */ = {
			isa = PBXNativeTarget;
			buildConfigurationList = 520F1AD2287E0454004A4339 /* Build configuration list for PBXNativeTarget "UnitTesting" */;
			buildPhases = (
				520F1AAA287E0452004A4339 /* Sources */,
				520F1AAB287E0452004A4339 /* Frameworks */,
				520F1AAC287E0452004A4339 /* Resources */,
			);
			buildRules = (
			);
			dependencies = (
			);
			name = UnitTesting;
			productName = UnitTesting;
			productReference = 520F1AAE287E0452004A4339 /* UnitTesting.app */;
			productType = "com.apple.product-type.application";
		};
		520F1ABD287E0454004A4339 /* UnitTestingTests */ = {
			isa = PBXNativeTarget;
			buildConfigurationList = 520F1AD5287E0454004A4339 /* Build configuration list for PBXNativeTarget "UnitTestingTests" */;
			buildPhases = (
				520F1ABA287E0454004A4339 /* Sources */,
				520F1ABB287E0454004A4339 /* Frameworks */,
				520F1ABC287E0454004A4339 /* Resources */,
			);
			buildRules = (
			);
			dependencies = (
				520F1AC0287E0454004A4339 /* PBXTargetDependency */,
			);
			name = UnitTestingTests;
			productName = UnitTestingTests;
			productReference = 520F1ABE287E0454004A4339 /* UnitTestingTests.xctest */;
			productType = "com.apple.product-type.bundle.unit-test";
		};
/* End PBXNativeTarget section */

/* Begin PBXProject section */
		520F1AA6287E0452004A4339 /* Project object */ = {
			isa = PBXProject;
			attributes = {
				BuildIndependentTargetsInParallel = 1;
				LastSwiftUpdateCheck = 1340;
				LastUpgradeCheck = 1340;
				TargetAttributes = {
					520F1AAD287E0452004A4339 = {
						CreatedOnToolsVersion = 13.4.1;
					};
					520F1ABD287E0454004A4339 = {
						CreatedOnToolsVersion = 13.4.1;
						TestTargetID = 520F1AAD287E0452004A4339;
					};
				};
			};
			buildConfigurationList = 520F1AA9287E0452004A4339 /* Build configuration list for PBXProject "UnitTesting" */;
			compatibilityVersion = "Xcode 13.0";
			developmentRegion = en;
			hasScannedForEncodings = 0;
			knownRegions = (
				en,
				Base,
			);
			mainGroup = 520F1AA5287E0452004A4339;
			productRefGroup = 520F1AAF287E0452004A4339 /* Products */;
			projectDirPath = "";
			projectRoot = "";
			targets = (
				520F1AAD287E0452004A4339 /* UnitTesting */,
				520F1ABD287E0454004A4339 /* UnitTestingTests */,
			);
		};
/* End PBXProject section */

/* Begin PBXResourcesBuildPhase section */
		520F1AAC287E0452004A4339 /* Resources */ = {
			isa = PBXResourcesBuildPhase;
			buildActionMask = 2147483647;
			files = (
				520F1AB9287E0454004A4339 /* Preview Assets.xcassets in Resources */,
				520F1AB6287E0454004A4339 /* Assets.xcassets in Resources */,
			);
			runOnlyForDeploymentPostprocessing = 0;
		};
		520F1ABC287E0454004A4339 /* Resources */ = {
			isa = PBXResourcesBuildPhase;
			buildActionMask = 2147483647;
			files = (
			);
			runOnlyForDeploymentPostprocessing = 0;
		};
/* End PBXResourcesBuildPhase section */

/* Begin PBXSourcesBuildPhase section */
		520F1AAA287E0452004A4339 /* Sources */ = {
			isa = PBXSourcesBuildPhase;
			buildActionMask = 2147483647;
			files = (
				528B4AFC2880279000E6C1C1 /* BowlingGame.swift in Sources */,
				52BF52E42882D1FB00A145AC /* MarsRover.swift in Sources */,
				52B05DD32881FC27008BF5B3 /* ChangeMaker.swift in Sources */,
				520F1AB4287E0452004A4339 /* ContentView.swift in Sources */,
				520F1AB2287E0452004A4339 /* UnitTestingApp.swift in Sources */,
				522549F6287F379B00AB5D51 /* AccountStatement.swift in Sources */,
				5274FFD6289AF14700F34924 /* MetricConverter.swift in Sources */,
			);
			runOnlyForDeploymentPostprocessing = 0;
		};
		520F1ABA287E0454004A4339 /* Sources */ = {
			isa = PBXSourcesBuildPhase;
			buildActionMask = 2147483647;
			files = (
				528B4AFE288027AC00E6C1C1 /* BowlingGameTests.swift in Sources */,
				522549F8287F380300AB5D51 /* AccountStatementTests.swift in Sources */,
				52B05DD52881FDBF008BF5B3 /* ChangeMakerTests.swift in Sources */,
				5274FFD8289AF19100F34924 /* MetricConverterTests.swift in Sources */,
				52BF52E62882E74500A145AC /* MarsRoverTests.swift in Sources */,
			);
			runOnlyForDeploymentPostprocessing = 0;
		};
/* End PBXSourcesBuildPhase section */

/* Begin PBXTargetDependency section */
		520F1AC0287E0454004A4339 /* PBXTargetDependency */ = {
			isa = PBXTargetDependency;
			target = 520F1AAD287E0452004A4339 /* UnitTesting */;
			targetProxy = 520F1ABF287E0454004A4339 /* PBXContainerItemProxy */;
		};
/* End PBXTargetDependency section */

/* Begin XCBuildConfiguration section */
		520F1AD0287E0454004A4339 /* Debug */ = {
			isa = XCBuildConfiguration;
			buildSettings = {
				ALWAYS_SEARCH_USER_PATHS = NO;
				CLANG_ANALYZER_NONNULL = YES;
				CLANG_ANALYZER_NUMBER_OBJECT_CONVERSION = YES_AGGRESSIVE;
				CLANG_CXX_LANGUAGE_STANDARD = "gnu++17";
				CLANG_ENABLE_MODULES = YES;
				CLANG_ENABLE_OBJC_ARC = YES;
				CLANG_ENABLE_OBJC_WEAK = YES;
				CLANG_WARN_BLOCK_CAPTURE_AUTORELEASING = YES;
				CLANG_WARN_BOOL_CONVERSION = YES;
				CLANG_WARN_COMMA = YES;
				CLANG_WARN_CONSTANT_CONVERSION = YES;
				CLANG_WARN_DEPRECATED_OBJC_IMPLEMENTATIONS = YES;
				CLANG_WARN_DIRECT_OBJC_ISA_USAGE = YES_ERROR;
				CLANG_WARN_DOCUMENTATION_COMMENTS = YES;
				CLANG_WARN_EMPTY_BODY = YES;
				CLANG_WARN_ENUM_CONVERSION = YES;
				CLANG_WARN_INFINITE_RECURSION = YES;
				CLANG_WARN_INT_CONVERSION = YES;
				CLANG_WARN_NON_LITERAL_NULL_CONVERSION = YES;
				CLANG_WARN_OBJC_IMPLICIT_RETAIN_SELF = YES;
				CLANG_WARN_OBJC_LITERAL_CONVERSION = YES;
				CLANG_WARN_OBJC_ROOT_CLASS = YES_ERROR;
				CLANG_WARN_QUOTED_INCLUDE_IN_FRAMEWORK_HEADER = YES;
				CLANG_WARN_RANGE_LOOP_ANALYSIS = YES;
				CLANG_WARN_STRICT_PROTOTYPES = YES;
				CLANG_WARN_SUSPICIOUS_MOVE = YES;
				CLANG_WARN_UNGUARDED_AVAILABILITY = YES_AGGRESSIVE;
				CLANG_WARN_UNREACHABLE_CODE = YES;
				CLANG_WARN__DUPLICATE_METHOD_MATCH = YES;
				COPY_PHASE_STRIP = NO;
				DEBUG_INFORMATION_FORMAT = dwarf;
				ENABLE_STRICT_OBJC_MSGSEND = YES;
				ENABLE_TESTABILITY = YES;
				GCC_C_LANGUAGE_STANDARD = gnu11;
				GCC_DYNAMIC_NO_PIC = NO;
				GCC_NO_COMMON_BLOCKS = YES;
				GCC_OPTIMIZATION_LEVEL = 0;
				GCC_PREPROCESSOR_DEFINITIONS = (
					"DEBUG=1",
					"$(inherited)",
				);
				GCC_WARN_64_TO_32_BIT_CONVERSION = YES;
				GCC_WARN_ABOUT_RETURN_TYPE = YES_ERROR;
				GCC_WARN_UNDECLARED_SELECTOR = YES;
				GCC_WARN_UNINITIALIZED_AUTOS = YES_AGGRESSIVE;
				GCC_WARN_UNUSED_FUNCTION = YES;
				GCC_WARN_UNUSED_VARIABLE = YES;
				IPHONEOS_DEPLOYMENT_TARGET = 15.5;
				MTL_ENABLE_DEBUG_INFO = INCLUDE_SOURCE;
				MTL_FAST_MATH = YES;
				ONLY_ACTIVE_ARCH = YES;
				SDKROOT = iphoneos;
				SWIFT_ACTIVE_COMPILATION_CONDITIONS = DEBUG;
				SWIFT_OPTIMIZATION_LEVEL = "-Onone";
			};
			name = Debug;
		};
		520F1AD1287E0454004A4339 /* Release */ = {
			isa = XCBuildConfiguration;
			buildSettings = {
				ALWAYS_SEARCH_USER_PATHS = NO;
				CLANG_ANALYZER_NONNULL = YES;
				CLANG_ANALYZER_NUMBER_OBJECT_CONVERSION = YES_AGGRESSIVE;
				CLANG_CXX_LANGUAGE_STANDARD = "gnu++17";
				CLANG_ENABLE_MODULES = YES;
				CLANG_ENABLE_OBJC_ARC = YES;
				CLANG_ENABLE_OBJC_WEAK = YES;
				CLANG_WARN_BLOCK_CAPTURE_AUTORELEASING = YES;
				CLANG_WARN_BOOL_CONVERSION = YES;
				CLANG_WARN_COMMA = YES;
				CLANG_WARN_CONSTANT_CONVERSION = YES;
				CLANG_WARN_DEPRECATED_OBJC_IMPLEMENTATIONS = YES;
				CLANG_WARN_DIRECT_OBJC_ISA_USAGE = YES_ERROR;
				CLANG_WARN_DOCUMENTATION_COMMENTS = YES;
				CLANG_WARN_EMPTY_BODY = YES;
				CLANG_WARN_ENUM_CONVERSION = YES;
				CLANG_WARN_INFINITE_RECURSION = YES;
				CLANG_WARN_INT_CONVERSION = YES;
				CLANG_WARN_NON_LITERAL_NULL_CONVERSION = YES;
				CLANG_WARN_OBJC_IMPLICIT_RETAIN_SELF = YES;
				CLANG_WARN_OBJC_LITERAL_CONVERSION = YES;
				CLANG_WARN_OBJC_ROOT_CLASS = YES_ERROR;
				CLANG_WARN_QUOTED_INCLUDE_IN_FRAMEWORK_HEADER = YES;
				CLANG_WARN_RANGE_LOOP_ANALYSIS = YES;
				CLANG_WARN_STRICT_PROTOTYPES = YES;
				CLANG_WARN_SUSPICIOUS_MOVE = YES;
				CLANG_WARN_UNGUARDED_AVAILABILITY = YES_AGGRESSIVE;
				CLANG_WARN_UNREACHABLE_CODE = YES;
				CLANG_WARN__DUPLICATE_METHOD_MATCH = YES;
				COPY_PHASE_STRIP = NO;
				DEBUG_INFORMATION_FORMAT = "dwarf-with-dsym";
				ENABLE_NS_ASSERTIONS = NO;
				ENABLE_STRICT_OBJC_MSGSEND = YES;
				GCC_C_LANGUAGE_STANDARD = gnu11;
				GCC_NO_COMMON_BLOCKS = YES;
				GCC_WARN_64_TO_32_BIT_CONVERSION = YES;
				GCC_WARN_ABOUT_RETURN_TYPE = YES_ERROR;
				GCC_WARN_UNDECLARED_SELECTOR = YES;
				GCC_WARN_UNINITIALIZED_AUTOS = YES_AGGRESSIVE;
				GCC_WARN_UNUSED_FUNCTION = YES;
				GCC_WARN_UNUSED_VARIABLE = YES;
				IPHONEOS_DEPLOYMENT_TARGET = 15.5;
				MTL_ENABLE_DEBUG_INFO = NO;
				MTL_FAST_MATH = YES;
				SDKROOT = iphoneos;
				SWIFT_COMPILATION_MODE = wholemodule;
				SWIFT_OPTIMIZATION_LEVEL = "-O";
				VALIDATE_PRODUCT = YES;
			};
			name = Release;
		};
		520F1AD3287E0454004A4339 /* Debug */ = {
			isa = XCBuildConfiguration;
			buildSettings = {
				ASSETCATALOG_COMPILER_APPICON_NAME = AppIcon;
				ASSETCATALOG_COMPILER_GLOBAL_ACCENT_COLOR_NAME = AccentColor;
				CODE_SIGN_STYLE = Automatic;
				CURRENT_PROJECT_VERSION = 1;
				DEVELOPMENT_ASSET_PATHS = "\"UnitTesting/Preview Content\"";
				DEVELOPMENT_TEAM = 625VU76SSS;
				ENABLE_PREVIEWS = YES;
				GENERATE_INFOPLIST_FILE = YES;
				INFOPLIST_KEY_UIApplicationSceneManifest_Generation = YES;
				INFOPLIST_KEY_UIApplicationSupportsIndirectInputEvents = YES;
				INFOPLIST_KEY_UILaunchScreen_Generation = YES;
				INFOPLIST_KEY_UISupportedInterfaceOrientations_iPad = "UIInterfaceOrientationPortrait UIInterfaceOrientationPortraitUpsideDown UIInterfaceOrientationLandscapeLeft UIInterfaceOrientationLandscapeRight";
				INFOPLIST_KEY_UISupportedInterfaceOrientations_iPhone = "UIInterfaceOrientationPortrait UIInterfaceOrientationLandscapeLeft UIInterfaceOrientationLandscapeRight";
				LD_RUNPATH_SEARCH_PATHS = (
					"$(inherited)",
					"@executable_path/Frameworks",
				);
				MARKETING_VERSION = 1.0;
				PRODUCT_BUNDLE_IDENTIFIER = com.andris.UnitTesting;
				PRODUCT_NAME = "$(TARGET_NAME)";
				SWIFT_EMIT_LOC_STRINGS = YES;
				SWIFT_VERSION = 5.0;
				TARGETED_DEVICE_FAMILY = "1,2";
			};
			name = Debug;
		};
		520F1AD4287E0454004A4339 /* Release */ = {
			isa = XCBuildConfiguration;
			buildSettings = {
				ASSETCATALOG_COMPILER_APPICON_NAME = AppIcon;
				ASSETCATALOG_COMPILER_GLOBAL_ACCENT_COLOR_NAME = AccentColor;
				CODE_SIGN_STYLE = Automatic;
				CURRENT_PROJECT_VERSION = 1;
				DEVELOPMENT_ASSET_PATHS = "\"UnitTesting/Preview Content\"";
				DEVELOPMENT_TEAM = 625VU76SSS;
				ENABLE_PREVIEWS = YES;
				GENERATE_INFOPLIST_FILE = YES;
				INFOPLIST_KEY_UIApplicationSceneManifest_Generation = YES;
				INFOPLIST_KEY_UIApplicationSupportsIndirectInputEvents = YES;
				INFOPLIST_KEY_UILaunchScreen_Generation = YES;
				INFOPLIST_KEY_UISupportedInterfaceOrientations_iPad = "UIInterfaceOrientationPortrait UIInterfaceOrientationPortraitUpsideDown UIInterfaceOrientationLandscapeLeft UIInterfaceOrientationLandscapeRight";
				INFOPLIST_KEY_UISupportedInterfaceOrientations_iPhone = "UIInterfaceOrientationPortrait UIInterfaceOrientationLandscapeLeft UIInterfaceOrientationLandscapeRight";
				LD_RUNPATH_SEARCH_PATHS = (
					"$(inherited)",
					"@executable_path/Frameworks",
				);
				MARKETING_VERSION = 1.0;
				PRODUCT_BUNDLE_IDENTIFIER = com.andris.UnitTesting;
				PRODUCT_NAME = "$(TARGET_NAME)";
				SWIFT_EMIT_LOC_STRINGS = YES;
				SWIFT_VERSION = 5.0;
				TARGETED_DEVICE_FAMILY = "1,2";
			};
			name = Release;
		};
		520F1AD6287E0454004A4339 /* Debug */ = {
			isa = XCBuildConfiguration;
			buildSettings = {
				ALWAYS_EMBED_SWIFT_STANDARD_LIBRARIES = YES;
				BUNDLE_LOADER = "$(TEST_HOST)";
				CODE_SIGN_STYLE = Automatic;
				CURRENT_PROJECT_VERSION = 1;
				DEVELOPMENT_TEAM = 625VU76SSS;
				GENERATE_INFOPLIST_FILE = YES;
				IPHONEOS_DEPLOYMENT_TARGET = 15.5;
				MARKETING_VERSION = 1.0;
				PRODUCT_BUNDLE_IDENTIFIER = com.andris.UnitTestingTests;
				PRODUCT_NAME = "$(TARGET_NAME)";
				SWIFT_EMIT_LOC_STRINGS = NO;
				SWIFT_VERSION = 5.0;
				TARGETED_DEVICE_FAMILY = "1,2";
				TEST_HOST = "$(BUILT_PRODUCTS_DIR)/UnitTesting.app/UnitTesting";
			};
			name = Debug;
		};
		520F1AD7287E0454004A4339 /* Release */ = {
			isa = XCBuildConfiguration;
			buildSettings = {
				ALWAYS_EMBED_SWIFT_STANDARD_LIBRARIES = YES;
				BUNDLE_LOADER = "$(TEST_HOST)";
				CODE_SIGN_STYLE = Automatic;
				CURRENT_PROJECT_VERSION = 1;
				DEVELOPMENT_TEAM = 625VU76SSS;
				GENERATE_INFOPLIST_FILE = YES;
				IPHONEOS_DEPLOYMENT_TARGET = 15.5;
				MARKETING_VERSION = 1.0;
				PRODUCT_BUNDLE_IDENTIFIER = com.andris.UnitTestingTests;
				PRODUCT_NAME = "$(TARGET_NAME)";
				SWIFT_EMIT_LOC_STRINGS = NO;
				SWIFT_VERSION = 5.0;
				TARGETED_DEVICE_FAMILY = "1,2";
				TEST_HOST = "$(BUILT_PRODUCTS_DIR)/UnitTesting.app/UnitTesting";
			};
			name = Release;
		};
/* End XCBuildConfiguration section */

/* Begin XCConfigurationList section */
		520F1AA9287E0452004A4339 /* Build configuration list for PBXProject "UnitTesting" */ = {
			isa = XCConfigurationList;
			buildConfigurations = (
				520F1AD0287E0454004A4339 /* Debug */,
				520F1AD1287E0454004A4339 /* Release */,
			);
			defaultConfigurationIsVisible = 0;
			defaultConfigurationName = Release;
		};
		520F1AD2287E0454004A4339 /* Build configuration list for PBXNativeTarget "UnitTesting" */ = {
			isa = XCConfigurationList;
			buildConfigurations = (
				520F1AD3287E0454004A4339 /* Debug */,
				520F1AD4287E0454004A4339 /* Release */,
			);
			defaultConfigurationIsVisible = 0;
			defaultConfigurationName = Release;
		};
		520F1AD5287E0454004A4339 /* Build configuration list for PBXNativeTarget "UnitTestingTests" */ = {
			isa = XCConfigurationList;
			buildConfigurations = (
				520F1AD6287E0454004A4339 /* Debug */,
				520F1AD7287E0454004A4339 /* Release */,
			);
			defaultConfigurationIsVisible = 0;
			defaultConfigurationName = Release;
		};
/* End XCConfigurationList section */
	};
	rootObject = 520F1AA6287E0452004A4339 /* Project object */;
}
